
Microsoft Visual Studio Solution File, Format Version 12.00
# Visual Studio Version 17
VisualStudioVersion = 17.6.33723.286
MinimumVisualStudioVersion = 10.0.40219.1
Project("{FAE04EC0-301F-11D3-BF4B-00C04F79EFBC}") = "ASPNETMVC CRUD", "ASPNETMVC CRUD\ASPNETMVC CRUD.csproj", "{01EA1D0B-41AB-47E6-86D9-1288626468EA}"
EndProject
Global
	GlobalSection(SolutionConfigurationPlatforms) = preSolution
		Debug|Any CPU = Debug|Any CPU
		Release|Any CPU = Release|Any CPU
	EndGlobalSection
	GlobalSection(ProjectConfigurationPlatforms) = postSolution
		{01EA1D0B-41AB-47E6-86D9-1288626468EA}.Debug|Any CPU.ActiveCfg = Debug|Any CPU
		{01EA1D0B-41AB-47E6-86D9-1288626468EA}.Debug|Any CPU.Build.0 = Debug|Any CPU
		{01EA1D0B-41AB-47E6-86D9-1288626468EA}.Release|Any CPU.ActiveCfg = Release|Any CPU
		{01EA1D0B-41AB-47E6-86D9-1288626468EA}.Release|Any CPU.Build.0 = Release|Any CPU
	EndGlobalSection
	GlobalSection(SolutionProperties) = preSolution
		HideSolutionNode = FALSE
	EndGlobalSection
	GlobalSection(ExtensibilityGlobals) = postSolution
		SolutionGuid = {35229975-1682-444E-BB8F-A81107398434}
	EndGlobalSection
EndGlobal
